
Microsoft Visual Studio Solution File, Format Version 12.00
# Visual Studio Version 17
VisualStudioVersion = 17.8.34525.116
MinimumVisualStudioVersion = 10.0.40219.1
Project("{9A19103F-16F7-4668-BE54-9A1E7A4F7556}") = "SistemaInventario", "SistemaInventario\SistemaInventario.csproj", "{95E81204-2E61-4EC9-918B-2D67B5F0B847}"
EndProject
Project("{FAE04EC0-301F-11D3-BF4B-00C04F79EFBC}") = "SistemaInventario.AccesoDatos", "SistemaInventario.AccesoDatos\SistemaInventario.AccesoDatos.csproj", "{28B425BB-2510-487D-B5F8-B04F362522C9}"
EndProject
Project("{FAE04EC0-301F-11D3-BF4B-00C04F79EFBC}") = "SistemaInventario.Modelos", "SistemaInventario.Modelos\SistemaInventario.Modelos.csproj", "{BBE44E94-E655-45E1-A126-E6FFDB5324BB}"
EndProject
Project("{FAE04EC0-301F-11D3-BF4B-00C04F79EFBC}") = "SistemaInventario.Utilidades", "SistemaInventario.Utilidades\SistemaInventario.Utilidades.csproj", "{1811E52E-719F-4405-AAC5-E00E794001B0}"
EndProject
Global
	GlobalSection(SolutionConfigurationPlatforms) = preSolution
		Debug|Any CPU = Debug|Any CPU
		Release|Any CPU = Release|Any CPU
	EndGlobalSection
	GlobalSection(ProjectConfigurationPlatforms) = postSolution
		{95E81204-2E61-4EC9-918B-2D67B5F0B847}.Debug|Any CPU.ActiveCfg = Debug|Any CPU
		{95E81204-2E61-4EC9-918B-2D67B5F0B847}.Debug|Any CPU.Build.0 = Debug|Any CPU
		{95E81204-2E61-4EC9-918B-2D67B5F0B847}.Release|Any CPU.ActiveCfg = Release|Any CPU
		{95E81204-2E61-4EC9-918B-2D67B5F0B847}.Release|Any CPU.Build.0 = Release|Any CPU
		{28B425BB-2510-487D-B5F8-B04F362522C9}.Debug|Any CPU.ActiveCfg = Debug|Any CPU
		{28B425BB-2510-487D-B5F8-B04F362522C9}.Debug|Any CPU.Build.0 = Debug|Any CPU
		{28B425BB-2510-487D-B5F8-B04F362522C9}.Release|Any CPU.ActiveCfg = Release|Any CPU
		{28B425BB-2510-487D-B5F8-B04F362522C9}.Release|Any CPU.Build.0 = Release|Any CPU
		{BBE44E94-E655-45E1-A126-E6FFDB5324BB}.Debug|Any CPU.ActiveCfg = Debug|Any CPU
		{BBE44E94-E655-45E1-A126-E6FFDB5324BB}.Debug|Any CPU.Build.0 = Debug|Any CPU
		{BBE44E94-E655-45E1-A126-E6FFDB5324BB}.Release|Any CPU.ActiveCfg = Release|Any CPU
		{BBE44E94-E655-45E1-A126-E6FFDB5324BB}.Release|Any CPU.Build.0 = Release|Any CPU
		{1811E52E-719F-4405-AAC5-E00E794001B0}.Debug|Any CPU.ActiveCfg = Debug|Any CPU
		{1811E52E-719F-4405-AAC5-E00E794001B0}.Debug|Any CPU.Build.0 = Debug|Any CPU
		{1811E52E-719F-4405-AAC5-E00E794001B0}.Release|Any CPU.ActiveCfg = Release|Any CPU
		{1811E52E-719F-4405-AAC5-E00E794001B0}.Release|Any CPU.Build.0 = Release|Any CPU
	EndGlobalSection
	GlobalSection(SolutionProperties) = preSolution
		HideSolutionNode = FALSE
	EndGlobalSection
	GlobalSection(ExtensibilityGlobals) = postSolution
		SolutionGuid = {498FC901-3496-4693-836B-C639E7A4A2BF}
	EndGlobalSection
EndGlobal
